
Microsoft Visual Studio Solution File, Format Version 12.00
# Visual Studio 15
VisualStudioVersion = 15.0.26228.9
MinimumVisualStudioVersion = 10.0.40219.1
Project("{9A19103F-16F7-4668-BE54-9A1E7A4F7556}") = "XyrusWorx.Foundation", "XyrusWorx.Foundation\XyrusWorx.Foundation.csproj", "{8C7731D3-BEC7-475E-8078-5260FC1A7998}"
EndProject
Project("{9A19103F-16F7-4668-BE54-9A1E7A4F7556}") = "XyrusWorx.Foundation.Extensibility", "XyrusWorx.Foundation.Extensibility\XyrusWorx.Foundation.Extensibility.csproj", "{E69DFB60-8B02-4050-8B25-9A7E399F3199}"
EndProject
Project("{9A19103F-16F7-4668-BE54-9A1E7A4F7556}") = "XyrusWorx.Foundation.Data", "XyrusWorx.Foundation.Data\XyrusWorx.Foundation.Data.csproj", "{5E00AC9B-20A1-4DE0-9532-80FA1894EA74}"
EndProject
Project("{9A19103F-16F7-4668-BE54-9A1E7A4F7556}") = "XyrusWorx.Foundation.Communication", "XyrusWorx.Foundation.Communication\XyrusWorx.Foundation.Communication.csproj", "{05C68D9E-71B6-44B1-84FE-CC04E660F7B6}"
EndProject
Project("{9A19103F-16F7-4668-BE54-9A1E7A4F7556}") = "XyrusWorx.Foundation.Communication.Client", "XyrusWorx.Foundation.Communication.Client\XyrusWorx.Foundation.Communication.Client.csproj", "{02E6E7A2-8977-41AB-914E-B2F6D64301C8}"
EndProject
Project("{2150E333-8FDC-42A3-9474-1A3956D46DE8}") = "Core", "Core", "{0A2C40B9-0385-4657-BD29-7F908936E3C9}"
EndProject
Project("{2150E333-8FDC-42A3-9474-1A3956D46DE8}") = "Networking", "Networking", "{BA27AD86-033E-4EE2-A50B-871D39788B47}"
EndProject
Project("{2150E333-8FDC-42A3-9474-1A3956D46DE8}") = "Data", "Data", "{98C0F91E-2408-4646-970F-5303AE629C02}"
EndProject
Project("{2150E333-8FDC-42A3-9474-1A3956D46DE8}") = "Windows", "Windows", "{E480D2D1-3CCE-4700-94C8-C0ECA17A93FF}"
EndProject
Project("{FAE04EC0-301F-11D3-BF4B-00C04F79EFBC}") = "XyrusWorx.Foundation.Windows", "XyrusWorx.Foundation.Windows\XyrusWorx.Foundation.Windows.csproj", "{8CBE5649-CAAC-439E-B6AB-FAC44CFCFA01}"
EndProject
Project("{FAE04EC0-301F-11D3-BF4B-00C04F79EFBC}") = "XyrusWorx.Foundation.Threading", "XyrusWorx.Foundation.Threading\XyrusWorx.Foundation.Threading.csproj", "{FD2BC380-38CA-454E-8582-D553DBAE8957}"
EndProject
Global
	GlobalSection(SolutionConfigurationPlatforms) = preSolution
		Debug|Any CPU = Debug|Any CPU
		Debug|ARM = Debug|ARM
		Debug|x64 = Debug|x64
		Debug|x86 = Debug|x86
		Release|Any CPU = Release|Any CPU
		Release|ARM = Release|ARM
		Release|x64 = Release|x64
		Release|x86 = Release|x86
	EndGlobalSection
	GlobalSection(ProjectConfigurationPlatforms) = postSolution
		{8C7731D3-BEC7-475E-8078-5260FC1A7998}.Debug|Any CPU.ActiveCfg = Debug|Any CPU
		{8C7731D3-BEC7-475E-8078-5260FC1A7998}.Debug|Any CPU.Build.0 = Debug|Any CPU
		{8C7731D3-BEC7-475E-8078-5260FC1A7998}.Debug|ARM.ActiveCfg = Debug|Any CPU
		{8C7731D3-BEC7-475E-8078-5260FC1A7998}.Debug|ARM.Build.0 = Debug|Any CPU
		{8C7731D3-BEC7-475E-8078-5260FC1A7998}.Debug|x64.ActiveCfg = Debug|Any CPU
		{8C7731D3-BEC7-475E-8078-5260FC1A7998}.Debug|x64.Build.0 = Debug|Any CPU
		{8C7731D3-BEC7-475E-8078-5260FC1A7998}.Debug|x86.ActiveCfg = Debug|Any CPU
		{8C7731D3-BEC7-475E-8078-5260FC1A7998}.Debug|x86.Build.0 = Debug|Any CPU
		{8C7731D3-BEC7-475E-8078-5260FC1A7998}.Release|Any CPU.ActiveCfg = Release|Any CPU
		{8C7731D3-BEC7-475E-8078-5260FC1A7998}.Release|Any CPU.Build.0 = Release|Any CPU
		{8C7731D3-BEC7-475E-8078-5260FC1A7998}.Release|ARM.ActiveCfg = Release|Any CPU
		{8C7731D3-BEC7-475E-8078-5260FC1A7998}.Release|ARM.Build.0 = Release|Any CPU
		{8C7731D3-BEC7-475E-8078-5260FC1A7998}.Release|x64.ActiveCfg = Release|Any CPU
		{8C7731D3-BEC7-475E-8078-5260FC1A7998}.Release|x64.Build.0 = Release|Any CPU
		{8C7731D3-BEC7-475E-8078-5260FC1A7998}.Release|x86.ActiveCfg = Release|Any CPU
		{8C7731D3-BEC7-475E-8078-5260FC1A7998}.Release|x86.Build.0 = Release|Any CPU
		{E69DFB60-8B02-4050-8B25-9A7E399F3199}.Debug|Any CPU.ActiveCfg = Debug|Any CPU
		{E69DFB60-8B02-4050-8B25-9A7E399F3199}.Debug|Any CPU.Build.0 = Debug|Any CPU
		{E69DFB60-8B02-4050-8B25-9A7E399F3199}.Debug|ARM.ActiveCfg = Debug|Any CPU
		{E69DFB60-8B02-4050-8B25-9A7E399F3199}.Debug|ARM.Build.0 = Debug|Any CPU
		{E69DFB60-8B02-4050-8B25-9A7E399F3199}.Debug|x64.ActiveCfg = Debug|Any CPU
		{E69DFB60-8B02-4050-8B25-9A7E399F3199}.Debug|x64.Build.0 = Debug|Any CPU
		{E69DFB60-8B02-4050-8B25-9A7E399F3199}.Debug|x86.ActiveCfg = Debug|Any CPU
		{E69DFB60-8B02-4050-8B25-9A7E399F3199}.Debug|x86.Build.0 = Debug|Any CPU
		{E69DFB60-8B02-4050-8B25-9A7E399F3199}.Release|Any CPU.ActiveCfg = Release|Any CPU
		{E69DFB60-8B02-4050-8B25-9A7E399F3199}.Release|Any CPU.Build.0 = Release|Any CPU
		{E69DFB60-8B02-4050-8B25-9A7E399F3199}.Release|ARM.ActiveCfg = Release|Any CPU
		{E69DFB60-8B02-4050-8B25-9A7E399F3199}.Release|ARM.Build.0 = Release|Any CPU
		{E69DFB60-8B02-4050-8B25-9A7E399F3199}.Release|x64.ActiveCfg = Release|Any CPU
		{E69DFB60-8B02-4050-8B25-9A7E399F3199}.Release|x64.Build.0 = Release|Any CPU
		{E69DFB60-8B02-4050-8B25-9A7E399F3199}.Release|x86.ActiveCfg = Release|Any CPU
		{E69DFB60-8B02-4050-8B25-9A7E399F3199}.Release|x86.Build.0 = Release|Any CPU
		{5E00AC9B-20A1-4DE0-9532-80FA1894EA74}.Debug|Any CPU.ActiveCfg = Debug|Any CPU
		{5E00AC9B-20A1-4DE0-9532-80FA1894EA74}.Debug|Any CPU.Build.0 = Debug|Any CPU
		{5E00AC9B-20A1-4DE0-9532-80FA1894EA74}.Debug|ARM.ActiveCfg = Debug|Any CPU
		{5E00AC9B-20A1-4DE0-9532-80FA1894EA74}.Debug|ARM.Build.0 = Debug|Any CPU
		{5E00AC9B-20A1-4DE0-9532-80FA1894EA74}.Debug|x64.ActiveCfg = Debug|Any CPU
		{5E00AC9B-20A1-4DE0-9532-80FA1894EA74}.Debug|x64.Build.0 = Debug|Any CPU
		{5E00AC9B-20A1-4DE0-9532-80FA1894EA74}.Debug|x86.ActiveCfg = Debug|Any CPU
		{5E00AC9B-20A1-4DE0-9532-80FA1894EA74}.Debug|x86.Build.0 = Debug|Any CPU
		{5E00AC9B-20A1-4DE0-9532-80FA1894EA74}.Release|Any CPU.ActiveCfg = Release|Any CPU
		{5E00AC9B-20A1-4DE0-9532-80FA1894EA74}.Release|Any CPU.Build.0 = Release|Any CPU
		{5E00AC9B-20A1-4DE0-9532-80FA1894EA74}.Release|ARM.ActiveCfg = Release|Any CPU
		{5E00AC9B-20A1-4DE0-9532-80FA1894EA74}.Release|ARM.Build.0 = Release|Any CPU
		{5E00AC9B-20A1-4DE0-9532-80FA1894EA74}.Release|x64.ActiveCfg = Release|Any CPU
		{5E00AC9B-20A1-4DE0-9532-80FA1894EA74}.Release|x64.Build.0 = Release|Any CPU
		{5E00AC9B-20A1-4DE0-9532-80FA1894EA74}.Release|x86.ActiveCfg = Release|Any CPU
		{5E00AC9B-20A1-4DE0-9532-80FA1894EA74}.Release|x86.Build.0 = Release|Any CPU
		{05C68D9E-71B6-44B1-84FE-CC04E660F7B6}.Debug|Any CPU.ActiveCfg = Debug|Any CPU
		{05C68D9E-71B6-44B1-84FE-CC04E660F7B6}.Debug|Any CPU.Build.0 = Debug|Any CPU
		{05C68D9E-71B6-44B1-84FE-CC04E660F7B6}.Debug|ARM.ActiveCfg = Debug|Any CPU
		{05C68D9E-71B6-44B1-84FE-CC04E660F7B6}.Debug|ARM.Build.0 = Debug|Any CPU
		{05C68D9E-71B6-44B1-84FE-CC04E660F7B6}.Debug|x64.ActiveCfg = Debug|Any CPU
		{05C68D9E-71B6-44B1-84FE-CC04E660F7B6}.Debug|x64.Build.0 = Debug|Any CPU
		{05C68D9E-71B6-44B1-84FE-CC04E660F7B6}.Debug|x86.ActiveCfg = Debug|Any CPU
		{05C68D9E-71B6-44B1-84FE-CC04E660F7B6}.Debug|x86.Build.0 = Debug|Any CPU
		{05C68D9E-71B6-44B1-84FE-CC04E660F7B6}.Release|Any CPU.ActiveCfg = Release|Any CPU
		{05C68D9E-71B6-44B1-84FE-CC04E660F7B6}.Release|Any CPU.Build.0 = Release|Any CPU
		{05C68D9E-71B6-44B1-84FE-CC04E660F7B6}.Release|ARM.ActiveCfg = Release|Any CPU
		{05C68D9E-71B6-44B1-84FE-CC04E660F7B6}.Release|ARM.Build.0 = Release|Any CPU
		{05C68D9E-71B6-44B1-84FE-CC04E660F7B6}.Release|x64.ActiveCfg = Release|Any CPU
		{05C68D9E-71B6-44B1-84FE-CC04E660F7B6}.Release|x64.Build.0 = Release|Any CPU
		{05C68D9E-71B6-44B1-84FE-CC04E660F7B6}.Release|x86.ActiveCfg = Release|Any CPU
		{05C68D9E-71B6-44B1-84FE-CC04E660F7B6}.Release|x86.Build.0 = Release|Any CPU
		{02E6E7A2-8977-41AB-914E-B2F6D64301C8}.Debug|Any CPU.ActiveCfg = Debug|Any CPU
		{02E6E7A2-8977-41AB-914E-B2F6D64301C8}.Debug|Any CPU.Build.0 = Debug|Any CPU
		{02E6E7A2-8977-41AB-914E-B2F6D64301C8}.Debug|ARM.ActiveCfg = Debug|Any CPU
		{02E6E7A2-8977-41AB-914E-B2F6D64301C8}.Debug|ARM.Build.0 = Debug|Any CPU
		{02E6E7A2-8977-41AB-914E-B2F6D64301C8}.Debug|x64.ActiveCfg = Debug|Any CPU
		{02E6E7A2-8977-41AB-914E-B2F6D64301C8}.Debug|x64.Build.0 = Debug|Any CPU
		{02E6E7A2-8977-41AB-914E-B2F6D64301C8}.Debug|x86.ActiveCfg = Debug|Any CPU
		{02E6E7A2-8977-41AB-914E-B2F6D64301C8}.Debug|x86.Build.0 = Debug|Any CPU
		{02E6E7A2-8977-41AB-914E-B2F6D64301C8}.Release|Any CPU.ActiveCfg = Release|Any CPU
		{02E6E7A2-8977-41AB-914E-B2F6D64301C8}.Release|Any CPU.Build.0 = Release|Any CPU
		{02E6E7A2-8977-41AB-914E-B2F6D64301C8}.Release|ARM.ActiveCfg = Release|Any CPU
		{02E6E7A2-8977-41AB-914E-B2F6D64301C8}.Release|ARM.Build.0 = Release|Any CPU
		{02E6E7A2-8977-41AB-914E-B2F6D64301C8}.Release|x64.ActiveCfg = Release|Any CPU
		{02E6E7A2-8977-41AB-914E-B2F6D64301C8}.Release|x64.Build.0 = Release|Any CPU
		{02E6E7A2-8977-41AB-914E-B2F6D64301C8}.Release|x86.ActiveCfg = Release|Any CPU
		{02E6E7A2-8977-41AB-914E-B2F6D64301C8}.Release|x86.Build.0 = Release|Any CPU
		{8CBE5649-CAAC-439E-B6AB-FAC44CFCFA01}.Debug|Any CPU.ActiveCfg = Debug|Any CPU
		{8CBE5649-CAAC-439E-B6AB-FAC44CFCFA01}.Debug|Any CPU.Build.0 = Debug|Any CPU
		{8CBE5649-CAAC-439E-B6AB-FAC44CFCFA01}.Debug|ARM.ActiveCfg = Debug|Any CPU
		{8CBE5649-CAAC-439E-B6AB-FAC44CFCFA01}.Debug|ARM.Build.0 = Debug|Any CPU
		{8CBE5649-CAAC-439E-B6AB-FAC44CFCFA01}.Debug|x64.ActiveCfg = Debug|Any CPU
		{8CBE5649-CAAC-439E-B6AB-FAC44CFCFA01}.Debug|x64.Build.0 = Debug|Any CPU
		{8CBE5649-CAAC-439E-B6AB-FAC44CFCFA01}.Debug|x86.ActiveCfg = Debug|Any CPU
		{8CBE5649-CAAC-439E-B6AB-FAC44CFCFA01}.Debug|x86.Build.0 = Debug|Any CPU
		{8CBE5649-CAAC-439E-B6AB-FAC44CFCFA01}.Release|Any CPU.ActiveCfg = Release|Any CPU
		{8CBE5649-CAAC-439E-B6AB-FAC44CFCFA01}.Release|Any CPU.Build.0 = Release|Any CPU
		{8CBE5649-CAAC-439E-B6AB-FAC44CFCFA01}.Release|ARM.ActiveCfg = Release|Any CPU
		{8CBE5649-CAAC-439E-B6AB-FAC44CFCFA01}.Release|ARM.Build.0 = Release|Any CPU
		{8CBE5649-CAAC-439E-B6AB-FAC44CFCFA01}.Release|x64.ActiveCfg = Release|Any CPU
		{8CBE5649-CAAC-439E-B6AB-FAC44CFCFA01}.Release|x64.Build.0 = Release|Any CPU
		{8CBE5649-CAAC-439E-B6AB-FAC44CFCFA01}.Release|x86.ActiveCfg = Release|Any CPU
		{8CBE5649-CAAC-439E-B6AB-FAC44CFCFA01}.Release|x86.Build.0 = Release|Any CPU
		{FD2BC380-38CA-454E-8582-D553DBAE8957}.Debug|Any CPU.ActiveCfg = Debug|Any CPU
		{FD2BC380-38CA-454E-8582-D553DBAE8957}.Debug|Any CPU.Build.0 = Debug|Any CPU
		{FD2BC380-38CA-454E-8582-D553DBAE8957}.Debug|ARM.ActiveCfg = Debug|Any CPU
		{FD2BC380-38CA-454E-8582-D553DBAE8957}.Debug|ARM.Build.0 = Debug|Any CPU
		{FD2BC380-38CA-454E-8582-D553DBAE8957}.Debug|x64.ActiveCfg = Debug|Any CPU
		{FD2BC380-38CA-454E-8582-D553DBAE8957}.Debug|x64.Build.0 = Debug|Any CPU
		{FD2BC380-38CA-454E-8582-D553DBAE8957}.Debug|x86.ActiveCfg = Debug|Any CPU
		{FD2BC380-38CA-454E-8582-D553DBAE8957}.Debug|x86.Build.0 = Debug|Any CPU
		{FD2BC380-38CA-454E-8582-D553DBAE8957}.Release|Any CPU.ActiveCfg = Release|Any CPU
		{FD2BC380-38CA-454E-8582-D553DBAE8957}.Release|Any CPU.Build.0 = Release|Any CPU
		{FD2BC380-38CA-454E-8582-D553DBAE8957}.Release|ARM.ActiveCfg = Release|Any CPU
		{FD2BC380-38CA-454E-8582-D553DBAE8957}.Release|ARM.Build.0 = Release|Any CPU
		{FD2BC380-38CA-454E-8582-D553DBAE8957}.Release|x64.ActiveCfg = Release|Any CPU
		{FD2BC380-38CA-454E-8582-D553DBAE8957}.Release|x64.Build.0 = Release|Any CPU
		{FD2BC380-38CA-454E-8582-D553DBAE8957}.Release|x86.ActiveCfg = Release|Any CPU
		{FD2BC380-38CA-454E-8582-D553DBAE8957}.Release|x86.Build.0 = Release|Any CPU
	EndGlobalSection
	GlobalSection(SolutionProperties) = preSolution
		HideSolutionNode = FALSE
	EndGlobalSection
	GlobalSection(NestedProjects) = preSolution
		{8C7731D3-BEC7-475E-8078-5260FC1A7998} = {0A2C40B9-0385-4657-BD29-7F908936E3C9}
		{E69DFB60-8B02-4050-8B25-9A7E399F3199} = {0A2C40B9-0385-4657-BD29-7F908936E3C9}
		{5E00AC9B-20A1-4DE0-9532-80FA1894EA74} = {98C0F91E-2408-4646-970F-5303AE629C02}
		{05C68D9E-71B6-44B1-84FE-CC04E660F7B6} = {BA27AD86-033E-4EE2-A50B-871D39788B47}
		{02E6E7A2-8977-41AB-914E-B2F6D64301C8} = {BA27AD86-033E-4EE2-A50B-871D39788B47}
		{8CBE5649-CAAC-439E-B6AB-FAC44CFCFA01} = {E480D2D1-3CCE-4700-94C8-C0ECA17A93FF}
		{FD2BC380-38CA-454E-8582-D553DBAE8957} = {0A2C40B9-0385-4657-BD29-7F908936E3C9}
	EndGlobalSection
EndGlobal
